
Microsoft Visual Studio Solution File, Format Version 12.00
# Visual Studio 14
VisualStudioVersion = 14.0.25420.1
MinimumVisualStudioVersion = 10.0.40219.1
Project("{FAE04EC0-301F-11D3-BF4B-00C04F79EFBC}") = "MvcMusicStore", "MvcMusicStore\MvcMusicStore.csproj", "{6B09E7F7-5F5D-4A06-A8C5-1DAFB01D7664}"
EndProject
Project("{FAE04EC0-301F-11D3-BF4B-00C04F79EFBC}") = "MvcMusicStore.Tests", "MvcMusicStore.Tests\MvcMusicStore.Tests.csproj", "{7C681CBD-B353-4C19-ADFC-7A2D1171B06C}"
EndProject
Global
	GlobalSection(SolutionConfigurationPlatforms) = preSolution
		Debug|Any CPU = Debug|Any CPU
		Release|Any CPU = Release|Any CPU
	EndGlobalSection
	GlobalSection(ProjectConfigurationPlatforms) = postSolution
		{6B09E7F7-5F5D-4A06-A8C5-1DAFB01D7664}.Debug|Any CPU.ActiveCfg = Debug|Any CPU
		{6B09E7F7-5F5D-4A06-A8C5-1DAFB01D7664}.Debug|Any CPU.Build.0 = Debug|Any CPU
		{6B09E7F7-5F5D-4A06-A8C5-1DAFB01D7664}.Release|Any CPU.ActiveCfg = Release|Any CPU
		{6B09E7F7-5F5D-4A06-A8C5-1DAFB01D7664}.Release|Any CPU.Build.0 = Release|Any CPU
		{7C681CBD-B353-4C19-ADFC-7A2D1171B06C}.Debug|Any CPU.ActiveCfg = Debug|Any CPU
		{7C681CBD-B353-4C19-ADFC-7A2D1171B06C}.Debug|Any CPU.Build.0 = Debug|Any CPU
		{7C681CBD-B353-4C19-ADFC-7A2D1171B06C}.Release|Any CPU.ActiveCfg = Release|Any CPU
		{7C681CBD-B353-4C19-ADFC-7A2D1171B06C}.Release|Any CPU.Build.0 = Release|Any CPU
	EndGlobalSection
	GlobalSection(SolutionProperties) = preSolution
		HideSolutionNode = FALSE
	EndGlobalSection
EndGlobal
